
Microsoft Visual Studio Solution File, Format Version 12.00
# Visual Studio Version 17
VisualStudioVersion = 17.5.002.0
MinimumVisualStudioVersion = 10.0.40219.1
Project("{9A19103F-16F7-4668-BE54-9A1E7A4F7556}") = "uri_test", "uri_test.csproj", "{02542D67-E16B-4DDA-9748-00E35249A8BC}"
EndProject
Global
	GlobalSection(SolutionConfigurationPlatforms) = preSolution
		Debug|Any CPU = Debug|Any CPU
		Release|Any CPU = Release|Any CPU
	EndGlobalSection
	GlobalSection(ProjectConfigurationPlatforms) = postSolution
		{02542D67-E16B-4DDA-9748-00E35249A8BC}.Debug|Any CPU.ActiveCfg = Debug|Any CPU
		{02542D67-E16B-4DDA-9748-00E35249A8BC}.Debug|Any CPU.Build.0 = Debug|Any CPU
		{02542D67-E16B-4DDA-9748-00E35249A8BC}.Release|Any CPU.ActiveCfg = Release|Any CPU
		{02542D67-E16B-4DDA-9748-00E35249A8BC}.Release|Any CPU.Build.0 = Release|Any CPU
	EndGlobalSection
	GlobalSection(SolutionProperties) = preSolution
		HideSolutionNode = FALSE
	EndGlobalSection
	GlobalSection(ExtensibilityGlobals) = postSolution
		SolutionGuid = {1DF4479A-77A5-43AB-8118-D4097847DD47}
	EndGlobalSection
EndGlobal
